
Microsoft Visual Studio Solution File, Format Version 12.00
# Visual Studio Version 17
VisualStudioVersion = 17.14.36203.30 d17.14
MinimumVisualStudioVersion = 10.0.40219.1
Project("{FAE04EC0-301F-11D3-BF4B-00C04F79EFBC}") = "Assignment", "Assignment\Assignment.csproj", "{86ABEA0A-30F9-4F86-8C0D-81756168EB45}"
EndProject
Project("{2150E333-8FDC-42A3-9474-1A3956D46DE8}") = "Assigment", "Assigment", "{02EA681E-C7D8-13C7-8484-4AC65E1B71E8}"
EndProject
Project("{FAE04EC0-301F-11D3-BF4B-00C04F79EFBC}") = "Prompt Rain", "Prompt Rain\Prompt Rain.csproj", "{36B4B075-96D2-4A8D-A8AB-4082148116EA}"
EndProject
Project("{FAE04EC0-301F-11D3-BF4B-00C04F79EFBC}") = "DoubleConsoleCalculator", "DoubleConsoleCalculator\DoubleConsoleCalculator.csproj", "{A5FA363F-B0FA-4CB2-84AE-710BA7127F20}"
EndProject
Project("{FAE04EC0-301F-11D3-BF4B-00C04F79EFBC}") = "DoubleCalc", "DoubleCalc\DoubleCalc.csproj", "{AB825CB4-F7F9-4EE8-A93B-8DCE4C13D207}"
EndProject
Global
	GlobalSection(SolutionConfigurationPlatforms) = preSolution
		Debug|Any CPU = Debug|Any CPU
		Release|Any CPU = Release|Any CPU
	EndGlobalSection
	GlobalSection(ProjectConfigurationPlatforms) = postSolution
		{86ABEA0A-30F9-4F86-8C0D-81756168EB45}.Debug|Any CPU.ActiveCfg = Debug|Any CPU
		{86ABEA0A-30F9-4F86-8C0D-81756168EB45}.Debug|Any CPU.Build.0 = Debug|Any CPU
		{86ABEA0A-30F9-4F86-8C0D-81756168EB45}.Release|Any CPU.ActiveCfg = Release|Any CPU
		{86ABEA0A-30F9-4F86-8C0D-81756168EB45}.Release|Any CPU.Build.0 = Release|Any CPU
		{36B4B075-96D2-4A8D-A8AB-4082148116EA}.Debug|Any CPU.ActiveCfg = Debug|Any CPU
		{36B4B075-96D2-4A8D-A8AB-4082148116EA}.Debug|Any CPU.Build.0 = Debug|Any CPU
		{36B4B075-96D2-4A8D-A8AB-4082148116EA}.Release|Any CPU.ActiveCfg = Release|Any CPU
		{36B4B075-96D2-4A8D-A8AB-4082148116EA}.Release|Any CPU.Build.0 = Release|Any CPU
		{A5FA363F-B0FA-4CB2-84AE-710BA7127F20}.Debug|Any CPU.ActiveCfg = Debug|Any CPU
		{A5FA363F-B0FA-4CB2-84AE-710BA7127F20}.Debug|Any CPU.Build.0 = Debug|Any CPU
		{A5FA363F-B0FA-4CB2-84AE-710BA7127F20}.Release|Any CPU.ActiveCfg = Release|Any CPU
		{A5FA363F-B0FA-4CB2-84AE-710BA7127F20}.Release|Any CPU.Build.0 = Release|Any CPU
		{AB825CB4-F7F9-4EE8-A93B-8DCE4C13D207}.Debug|Any CPU.ActiveCfg = Debug|Any CPU
		{AB825CB4-F7F9-4EE8-A93B-8DCE4C13D207}.Debug|Any CPU.Build.0 = Debug|Any CPU
		{AB825CB4-F7F9-4EE8-A93B-8DCE4C13D207}.Release|Any CPU.ActiveCfg = Release|Any CPU
		{AB825CB4-F7F9-4EE8-A93B-8DCE4C13D207}.Release|Any CPU.Build.0 = Release|Any CPU
	EndGlobalSection
	GlobalSection(SolutionProperties) = preSolution
		HideSolutionNode = FALSE
	EndGlobalSection
	GlobalSection(NestedProjects) = preSolution
		{36B4B075-96D2-4A8D-A8AB-4082148116EA} = {02EA681E-C7D8-13C7-8484-4AC65E1B71E8}
		{A5FA363F-B0FA-4CB2-84AE-710BA7127F20} = {02EA681E-C7D8-13C7-8484-4AC65E1B71E8}
		{AB825CB4-F7F9-4EE8-A93B-8DCE4C13D207} = {02EA681E-C7D8-13C7-8484-4AC65E1B71E8}
	EndGlobalSection
	GlobalSection(ExtensibilityGlobals) = postSolution
		SolutionGuid = {21778D12-2256-4BAD-BB3F-829CBF32E2DC}
	EndGlobalSection
EndGlobal
